// !$*UTF8*$!
{
	archiveVersion = 1;
	classes = {
	};
	objectVersion = 56;
	objects = {

/* Begin PBXBuildFile section */
		446B2E4929D99D3500088EB1 /* OpenAI_TranslatorApp.swift in Sources */ = {isa = PBXBuildFile; fileRef = 446B2E4829D99D3500088EB1 /* OpenAI_TranslatorApp.swift */; };
		446B2E4B29D99D3500088EB1 /* ContentView.swift in Sources */ = {isa = PBXBuildFile; fileRef = 446B2E4A29D99D3500088EB1 /* ContentView.swift */; };
		446B2E4D29D99D3500088EB1 /* Assets.xcassets in Resources */ = {isa = PBXBuildFile; fileRef = 446B2E4C29D99D3500088EB1 /* Assets.xcassets */; };
		446B2E5029D99D3500088EB1 /* Preview Assets.xcassets in Resources */ = {isa = PBXBuildFile; fileRef = 446B2E4F29D99D3500088EB1 /* Preview Assets.xcassets */; };
		446B2E5A29D99D3500088EB1 /* OpenAI_TranslatorTests.swift in Sources */ = {isa = PBXBuildFile; fileRef = 446B2E5929D99D3500088EB1 /* OpenAI_TranslatorTests.swift */; };
		446B2E6429D99D3500088EB1 /* OpenAI_TranslatorUITests.swift in Sources */ = {isa = PBXBuildFile; fileRef = 446B2E6329D99D3500088EB1 /* OpenAI_TranslatorUITests.swift */; };
		446B2E6629D99D3500088EB1 /* OpenAI_TranslatorUITestsLaunchTests.swift in Sources */ = {isa = PBXBuildFile; fileRef = 446B2E6529D99D3500088EB1 /* OpenAI_TranslatorUITestsLaunchTests.swift */; };
/* End PBXBuildFile section */

/* Begin PBXContainerItemProxy section */
		446B2E5629D99D3500088EB1 /* PBXContainerItemProxy */ = {
			isa = PBXContainerItemProxy;
			containerPortal = 446B2E3D29D99D3400088EB1 /* Project object */;
			proxyType = 1;
			remoteGlobalIDString = 446B2E4429D99D3500088EB1;
			remoteInfo = "OpenAI-Translator";
		};
		446B2E6029D99D3500088EB1 /* PBXContainerItemProxy */ = {
			isa = PBXContainerItemProxy;
			containerPortal = 446B2E3D29D99D3400088EB1 /* Project object */;
			proxyType = 1;
			remoteGlobalIDString = 446B2E4429D99D3500088EB1;
			remoteInfo = "OpenAI-Translator";
		};
/* End PBXContainerItemProxy section */

/* Begin PBXFileReference section */
		446B2E4529D99D3500088EB1 /* OpenAI-Translator.app */ = {isa = PBXFileReference; explicitFileType = wrapper.application; includeInIndex = 0; path = "OpenAI-Translator.app"; sourceTree = BUILT_PRODUCTS_DIR; };
		446B2E4829D99D3500088EB1 /* OpenAI_TranslatorApp.swift */ = {isa = PBXFileReference; lastKnownFileType = sourcecode.swift; path = OpenAI_TranslatorApp.swift; sourceTree = "<group>"; };
		446B2E4A29D99D3500088EB1 /* ContentView.swift */ = {isa = PBXFileReference; lastKnownFileType = sourcecode.swift; path = ContentView.swift; sourceTree = "<group>"; };
		446B2E4C29D99D3500088EB1 /* Assets.xcassets */ = {isa = PBXFileReference; lastKnownFileType = folder.assetcatalog; path = Assets.xcassets; sourceTree = "<group>"; };
		446B2E4F29D99D3500088EB1 /* Preview Assets.xcassets */ = {isa = PBXFileReference; lastKnownFileType = folder.assetcatalog; path = "Preview Assets.xcassets"; sourceTree = "<group>"; };
		446B2E5529D99D3500088EB1 /* OpenAI-TranslatorTests.xctest */ = {isa = PBXFileReference; explicitFileType = wrapper.cfbundle; includeInIndex = 0; path = "OpenAI-TranslatorTests.xctest"; sourceTree = BUILT_PRODUCTS_DIR; };
		446B2E5929D99D3500088EB1 /* OpenAI_TranslatorTests.swift */ = {isa = PBXFileReference; lastKnownFileType = sourcecode.swift; path = OpenAI_TranslatorTests.swift; sourceTree = "<group>"; };
		446B2E5F29D99D3500088EB1 /* OpenAI-TranslatorUITests.xctest */ = {isa = PBXFileReference; explicitFileType = wrapper.cfbundle; includeInIndex = 0; path = "OpenAI-TranslatorUITests.xctest"; sourceTree = BUILT_PRODUCTS_DIR; };
		446B2E6329D99D3500088EB1 /* OpenAI_TranslatorUITests.swift */ = {isa = PBXFileReference; lastKnownFileType = sourcecode.swift; path = OpenAI_TranslatorUITests.swift; sourceTree = "<group>"; };
		446B2E6529D99D3500088EB1 /* OpenAI_TranslatorUITestsLaunchTests.swift */ = {isa = PBXFileReference; lastKnownFileType = sourcecode.swift; path = OpenAI_TranslatorUITestsLaunchTests.swift; sourceTree = "<group>"; };
/* End PBXFileReference section */

/* Begin PBXFrameworksBuildPhase section */
		446B2E4229D99D3500088EB1 /* Frameworks */ = {
			isa = PBXFrameworksBuildPhase;
			buildActionMask = 2147483647;
			files = (
			);
			runOnlyForDeploymentPostprocessing = 0;
		};
		446B2E5229D99D3500088EB1 /* Frameworks */ = {
			isa = PBXFrameworksBuildPhase;
			buildActionMask = 2147483647;
			files = (
			);
			runOnlyForDeploymentPostprocessing = 0;
		};
		446B2E5C29D99D3500088EB1 /* Frameworks */ = {
			isa = PBXFrameworksBuildPhase;
			buildActionMask = 2147483647;
			files = (
			);
			runOnlyForDeploymentPostprocessing = 0;
		};
/* End PBXFrameworksBuildPhase section */

/* Begin PBXGroup section */
		446B2E3C29D99D3400088EB1 = {
			isa = PBXGroup;
			children = (
				446B2E4729D99D3500088EB1 /* OpenAI-Translator */,
				446B2E5829D99D3500088EB1 /* OpenAI-TranslatorTests */,
				446B2E6229D99D3500088EB1 /* OpenAI-TranslatorUITests */,
				446B2E4629D99D3500088EB1 /* Products */,
			);
			sourceTree = "<group>";
		};
		446B2E4629D99D3500088EB1 /* Products */ = {
			isa = PBXGroup;
			children = (
				446B2E4529D99D3500088EB1 /* OpenAI-Translator.app */,
				446B2E5529D99D3500088EB1 /* OpenAI-TranslatorTests.xctest */,
				446B2E5F29D99D3500088EB1 /* OpenAI-TranslatorUITests.xctest */,
			);
			name = Products;
			sourceTree = "<group>";
		};
		446B2E4729D99D3500088EB1 /* OpenAI-Translator */ = {
			isa = PBXGroup;
			children = (
				446B2E4829D99D3500088EB1 /* OpenAI_TranslatorApp.swift */,
				446B2E4A29D99D3500088EB1 /* ContentView.swift */,
				446B2E4C29D99D3500088EB1 /* Assets.xcassets */,
				446B2E4E29D99D3500088EB1 /* Preview Content */,
			);
			path = "OpenAI-Translator";
			sourceTree = "<group>";
		};
		446B2E4E29D99D3500088EB1 /* Preview Content */ = {
			isa = PBXGroup;
			children = (
				446B2E4F29D99D3500088EB1 /* Preview Assets.xcassets */,
			);
			path = "Preview Content";
			sourceTree = "<group>";
		};
		446B2E5829D99D3500088EB1 /* OpenAI-TranslatorTests */ = {
			isa = PBXGroup;
			children = (
				446B2E5929D99D3500088EB1 /* OpenAI_TranslatorTests.swift */,
			);
			path = "OpenAI-TranslatorTests";
			sourceTree = "<group>";
		};
		446B2E6229D99D3500088EB1 /* OpenAI-TranslatorUITests */ = {
			isa = PBXGroup;
			children = (
				446B2E6329D99D3500088EB1 /* OpenAI_TranslatorUITests.swift */,
				446B2E6529D99D3500088EB1 /* OpenAI_TranslatorUITestsLaunchTests.swift */,
			);
			path = "OpenAI-TranslatorUITests";
			sourceTree = "<group>";
		};
/* End PBXGroup section */

/* Begin PBXNativeTarget section */
		446B2E4429D99D3500088EB1 /* OpenAI-Translator */ = {
			isa = PBXNativeTarget;
			buildConfigurationList = 446B2E6929D99D3500088EB1 /* Build configuration list for PBXNativeTarget "OpenAI-Translator" */;
			buildPhases = (
				446B2E4129D99D3500088EB1 /* Sources */,
				446B2E4229D99D3500088EB1 /* Frameworks */,
				446B2E4329D99D3500088EB1 /* Resources */,
			);
			buildRules = (
			);
			dependencies = (
			);
			name = "OpenAI-Translator";
			productName = "OpenAI-Translator";
			productReference = 446B2E4529D99D3500088EB1 /* OpenAI-Translator.app */;
			productType = "com.apple.product-type.application";
		};
		446B2E5429D99D3500088EB1 /* OpenAI-TranslatorTests */ = {
			isa = PBXNativeTarget;
			buildConfigurationList = 446B2E6C29D99D3500088EB1 /* Build configuration list for PBXNativeTarget "OpenAI-TranslatorTests" */;
			buildPhases = (
				446B2E5129D99D3500088EB1 /* Sources */,
				446B2E5229D99D3500088EB1 /* Frameworks */,
				446B2E5329D99D3500088EB1 /* Resources */,
			);
			buildRules = (
			);
			dependencies = (
				446B2E5729D99D3500088EB1 /* PBXTargetDependency */,
			);
			name = "OpenAI-TranslatorTests";
			productName = "OpenAI-TranslatorTests";
			productReference = 446B2E5529D99D3500088EB1 /* OpenAI-TranslatorTests.xctest */;
			productType = "com.apple.product-type.bundle.unit-test";
		};
		446B2E5E29D99D3500088EB1 /* OpenAI-TranslatorUITests */ = {
			isa = PBXNativeTarget;
			buildConfigurationList = 446B2E6F29D99D3500088EB1 /* Build configuration list for PBXNativeTarget "OpenAI-TranslatorUITests" */;
			buildPhases = (
				446B2E5B29D99D3500088EB1 /* Sources */,
				446B2E5C29D99D3500088EB1 /* Frameworks */,
				446B2E5D29D99D3500088EB1 /* Resources */,
			);
			buildRules = (
			);
			dependencies = (
				446B2E6129D99D3500088EB1 /* PBXTargetDependency */,
			);
			name = "OpenAI-TranslatorUITests";
			productName = "OpenAI-TranslatorUITests";
			productReference = 446B2E5F29D99D3500088EB1 /* OpenAI-TranslatorUITests.xctest */;
			productType = "com.apple.product-type.bundle.ui-testing";
		};
/* End PBXNativeTarget section */

/* Begin PBXProject section */
		446B2E3D29D99D3400088EB1 /* Project object */ = {
			isa = PBXProject;
			attributes = {
				BuildIndependentTargetsInParallel = 1;
				LastSwiftUpdateCheck = 1430;
				LastUpgradeCheck = 1430;
				TargetAttributes = {
					446B2E4429D99D3500088EB1 = {
						CreatedOnToolsVersion = 14.3;
					};
					446B2E5429D99D3500088EB1 = {
						CreatedOnToolsVersion = 14.3;
						TestTargetID = 446B2E4429D99D3500088EB1;
					};
					446B2E5E29D99D3500088EB1 = {
						CreatedOnToolsVersion = 14.3;
						TestTargetID = 446B2E4429D99D3500088EB1;
					};
				};
			};
			buildConfigurationList = 446B2E4029D99D3400088EB1 /* Build configuration list for PBXProject "OpenAI-Translator" */;
			compatibilityVersion = "Xcode 14.0";
			developmentRegion = en;
			hasScannedForEncodings = 0;
			knownRegions = (
				en,
				Base,
			);
			mainGroup = 446B2E3C29D99D3400088EB1;
			productRefGroup = 446B2E4629D99D3500088EB1 /* Products */;
			projectDirPath = "";
			projectRoot = "";
			targets = (
				446B2E4429D99D3500088EB1 /* OpenAI-Translator */,
				446B2E5429D99D3500088EB1 /* OpenAI-TranslatorTests */,
				446B2E5E29D99D3500088EB1 /* OpenAI-TranslatorUITests */,
			);
		};
/* End PBXProject section */

/* Begin PBXResourcesBuildPhase section */
		446B2E4329D99D3500088EB1 /* Resources */ = {
			isa = PBXResourcesBuildPhase;
			buildActionMask = 2147483647;
			files = (
				446B2E5029D99D3500088EB1 /* Preview Assets.xcassets in Resources */,
				446B2E4D29D99D3500088EB1 /* Assets.xcassets in Resources */,
			);
			runOnlyForDeploymentPostprocessing = 0;
		};
		446B2E5329D99D3500088EB1 /* Resources */ = {
			isa = PBXResourcesBuildPhase;
			buildActionMask = 2147483647;
			files = (
			);
			runOnlyForDeploymentPostprocessing = 0;
		};
		446B2E5D29D99D3500088EB1 /* Resources */ = {
			isa = PBXResourcesBuildPhase;
			buildActionMask = 2147483647;
			files = (
			);
			runOnlyForDeploymentPostprocessing = 0;
		};
/* End PBXResourcesBuildPhase section */

/* Begin PBXSourcesBuildPhase section */
		446B2E4129D99D3500088EB1 /* Sources */ = {
			isa = PBXSourcesBuildPhase;
			buildActionMask = 2147483647;
			files = (
				446B2E4B29D99D3500088EB1 /* ContentView.swift in Sources */,
				446B2E4929D99D3500088EB1 /* OpenAI_TranslatorApp.swift in Sources */,
			);
			runOnlyForDeploymentPostprocessing = 0;
		};
		446B2E5129D99D3500088EB1 /* Sources */ = {
			isa = PBXSourcesBuildPhase;
			buildActionMask = 2147483647;
			files = (
				446B2E5A29D99D3500088EB1 /* OpenAI_TranslatorTests.swift in Sources */,
			);
			runOnlyForDeploymentPostprocessing = 0;
		};
		446B2E5B29D99D3500088EB1 /* Sources */ = {
			isa = PBXSourcesBuildPhase;
			buildActionMask = 2147483647;
			files = (
				446B2E6629D99D3500088EB1 /* OpenAI_TranslatorUITestsLaunchTests.swift in Sources */,
				446B2E6429D99D3500088EB1 /* OpenAI_TranslatorUITests.swift in Sources */,
			);
			runOnlyForDeploymentPostprocessing = 0;
		};
/* End PBXSourcesBuildPhase section */

/* Begin PBXTargetDependency section */
		446B2E5729D99D3500088EB1 /* PBXTargetDependency */ = {
			isa = PBXTargetDependency;
			target = 446B2E4429D99D3500088EB1 /* OpenAI-Translator */;
			targetProxy = 446B2E5629D99D3500088EB1 /* PBXContainerItemProxy */;
		};
		446B2E6129D99D3500088EB1 /* PBXTargetDependency */ = {
			isa = PBXTargetDependency;
			target = 446B2E4429D99D3500088EB1 /* OpenAI-Translator */;
			targetProxy = 446B2E6029D99D3500088EB1 /* PBXContainerItemProxy */;
		};
/* End PBXTargetDependency section */

/* Begin XCBuildConfiguration section */
		446B2E6729D99D3500088EB1 /* Debug */ = {
			isa = XCBuildConfiguration;
			buildSettings = {
				ALWAYS_SEARCH_USER_PATHS = NO;
				CLANG_ANALYZER_NONNULL = YES;
				CLANG_ANALYZER_NUMBER_OBJECT_CONVERSION = YES_AGGRESSIVE;
				CLANG_CXX_LANGUAGE_STANDARD = "gnu++20";
				CLANG_ENABLE_MODULES = YES;
				CLANG_ENABLE_OBJC_ARC = YES;
				CLANG_ENABLE_OBJC_WEAK = YES;
				CLANG_WARN_BLOCK_CAPTURE_AUTORELEASING = YES;
				CLANG_WARN_BOOL_CONVERSION = YES;
				CLANG_WARN_COMMA = YES;
				CLANG_WARN_CONSTANT_CONVERSION = YES;
				CLANG_WARN_DEPRECATED_OBJC_IMPLEMENTATIONS = YES;
				CLANG_WARN_DIRECT_OBJC_ISA_USAGE = YES_ERROR;
				CLANG_WARN_DOCUMENTATION_COMMENTS = YES;
				CLANG_WARN_EMPTY_BODY = YES;
				CLANG_WARN_ENUM_CONVERSION = YES;
				CLANG_WARN_INFINITE_RECURSION = YES;
				CLANG_WARN_INT_CONVERSION = YES;
				CLANG_WARN_NON_LITERAL_NULL_CONVERSION = YES;
				CLANG_WARN_OBJC_IMPLICIT_RETAIN_SELF = YES;
				CLANG_WARN_OBJC_LITERAL_CONVERSION = YES;
				CLANG_WARN_OBJC_ROOT_CLASS = YES_ERROR;
				CLANG_WARN_QUOTED_INCLUDE_IN_FRAMEWORK_HEADER = YES;
				CLANG_WARN_RANGE_LOOP_ANALYSIS = YES;
				CLANG_WARN_STRICT_PROTOTYPES = YES;
				CLANG_WARN_SUSPICIOUS_MOVE = YES;
				CLANG_WARN_UNGUARDED_AVAILABILITY = YES_AGGRESSIVE;
				CLANG_WARN_UNREACHABLE_CODE = YES;
				CLANG_WARN__DUPLICATE_METHOD_MATCH = YES;
				COPY_PHASE_STRIP = NO;
				DEBUG_INFORMATION_FORMAT = dwarf;
				ENABLE_STRICT_OBJC_MSGSEND = YES;
				ENABLE_TESTABILITY = YES;
				GCC_C_LANGUAGE_STANDARD = gnu11;
				GCC_DYNAMIC_NO_PIC = NO;
				GCC_NO_COMMON_BLOCKS = YES;
				GCC_OPTIMIZATION_LEVEL = 0;
				GCC_PREPROCESSOR_DEFINITIONS = (
					"DEBUG=1",
					"$(inherited)",
				);
				GCC_WARN_64_TO_32_BIT_CONVERSION = YES;
				GCC_WARN_ABOUT_RETURN_TYPE = YES_ERROR;
				GCC_WARN_UNDECLARED_SELECTOR = YES;
				GCC_WARN_UNINITIALIZED_AUTOS = YES_AGGRESSIVE;
				GCC_WARN_UNUSED_FUNCTION = YES;
				GCC_WARN_UNUSED_VARIABLE = YES;
				IPHONEOS_DEPLOYMENT_TARGET = 16.4;
				MTL_ENABLE_DEBUG_INFO = INCLUDE_SOURCE;
				MTL_FAST_MATH = YES;
				ONLY_ACTIVE_ARCH = YES;
				SDKROOT = iphoneos;
				SWIFT_ACTIVE_COMPILATION_CONDITIONS = DEBUG;
				SWIFT_OPTIMIZATION_LEVEL = "-Onone";
			};
			name = Debug;
		};
		446B2E6829D99D3500088EB1 /* Release */ = {
			isa = XCBuildConfiguration;
			buildSettings = {
				ALWAYS_SEARCH_USER_PATHS = NO;
				CLANG_ANALYZER_NONNULL = YES;
				CLANG_ANALYZER_NUMBER_OBJECT_CONVERSION = YES_AGGRESSIVE;
				CLANG_CXX_LANGUAGE_STANDARD = "gnu++20";
				CLANG_ENABLE_MODULES = YES;
				CLANG_ENABLE_OBJC_ARC = YES;
				CLANG_ENABLE_OBJC_WEAK = YES;
				CLANG_WARN_BLOCK_CAPTURE_AUTORELEASING = YES;
				CLANG_WARN_BOOL_CONVERSION = YES;
				CLANG_WARN_COMMA = YES;
				CLANG_WARN_CONSTANT_CONVERSION = YES;
				CLANG_WARN_DEPRECATED_OBJC_IMPLEMENTATIONS = YES;
				CLANG_WARN_DIRECT_OBJC_ISA_USAGE = YES_ERROR;
				CLANG_WARN_DOCUMENTATION_COMMENTS = YES;
				CLANG_WARN_EMPTY_BODY = YES;
				CLANG_WARN_ENUM_CONVERSION = YES;
				CLANG_WARN_INFINITE_RECURSION = YES;
				CLANG_WARN_INT_CONVERSION = YES;
				CLANG_WARN_NON_LITERAL_NULL_CONVERSION = YES;
				CLANG_WARN_OBJC_IMPLICIT_RETAIN_SELF = YES;
				CLANG_WARN_OBJC_LITERAL_CONVERSION = YES;
				CLANG_WARN_OBJC_ROOT_CLASS = YES_ERROR;
				CLANG_WARN_QUOTED_INCLUDE_IN_FRAMEWORK_HEADER = YES;
				CLANG_WARN_RANGE_LOOP_ANALYSIS = YES;
				CLANG_WARN_STRICT_PROTOTYPES = YES;
				CLANG_WARN_SUSPICIOUS_MOVE = YES;
				CLANG_WARN_UNGUARDED_AVAILABILITY = YES_AGGRESSIVE;
				CLANG_WARN_UNREACHABLE_CODE = YES;
				CLANG_WARN__DUPLICATE_METHOD_MATCH = YES;
				COPY_PHASE_STRIP = NO;
				DEBUG_INFORMATION_FORMAT = "dwarf-with-dsym";
				ENABLE_NS_ASSERTIONS = NO;
				ENABLE_STRICT_OBJC_MSGSEND = YES;
				GCC_C_LANGUAGE_STANDARD = gnu11;
				GCC_NO_COMMON_BLOCKS = YES;
				GCC_WARN_64_TO_32_BIT_CONVERSION = YES;
				GCC_WARN_ABOUT_RETURN_TYPE = YES_ERROR;
				GCC_WARN_UNDECLARED_SELECTOR = YES;
				GCC_WARN_UNINITIALIZED_AUTOS = YES_AGGRESSIVE;
				GCC_WARN_UNUSED_FUNCTION = YES;
				GCC_WARN_UNUSED_VARIABLE = YES;
				IPHONEOS_DEPLOYMENT_TARGET = 16.4;
				MTL_ENABLE_DEBUG_INFO = NO;
				MTL_FAST_MATH = YES;
				SDKROOT = iphoneos;
				SWIFT_COMPILATION_MODE = wholemodule;
				SWIFT_OPTIMIZATION_LEVEL = "-O";
				VALIDATE_PRODUCT = YES;
			};
			name = Release;
		};
		446B2E6A29D99D3500088EB1 /* Debug */ = {
			isa = XCBuildConfiguration;
			buildSettings = {
				ASSETCATALOG_COMPILER_APPICON_NAME = AppIcon;
				ASSETCATALOG_COMPILER_GLOBAL_ACCENT_COLOR_NAME = AccentColor;
				CODE_SIGN_STYLE = Automatic;
				CURRENT_PROJECT_VERSION = 1;
				DEVELOPMENT_ASSET_PATHS = "\"OpenAI-Translator/Preview Content\"";
				DEVELOPMENT_TEAM = YD936JB5S9;
				ENABLE_PREVIEWS = YES;
				GENERATE_INFOPLIST_FILE = YES;
				INFOPLIST_KEY_UIApplicationSceneManifest_Generation = YES;
				INFOPLIST_KEY_UIApplicationSupportsIndirectInputEvents = YES;
				INFOPLIST_KEY_UILaunchScreen_Generation = YES;
				INFOPLIST_KEY_UISupportedInterfaceOrientations_iPad = "UIInterfaceOrientationPortrait UIInterfaceOrientationPortraitUpsideDown UIInterfaceOrientationLandscapeLeft UIInterfaceOrientationLandscapeRight";
				INFOPLIST_KEY_UISupportedInterfaceOrientations_iPhone = "UIInterfaceOrientationPortrait UIInterfaceOrientationLandscapeLeft UIInterfaceOrientationLandscapeRight";
				LD_RUNPATH_SEARCH_PATHS = (
					"$(inherited)",
					"@executable_path/Frameworks",
				);
				MARKETING_VERSION = 1.0;
				PRODUCT_BUNDLE_IDENTIFIER = "dev.alkin.OpenAI-Translator";
				PRODUCT_NAME = "$(TARGET_NAME)";
				SWIFT_EMIT_LOC_STRINGS = YES;
				SWIFT_VERSION = 5.0;
				TARGETED_DEVICE_FAMILY = "1,2";
			};
			name = Debug;
		};
		446B2E6B29D99D3500088EB1 /* Release */ = {
			isa = XCBuildConfiguration;
			buildSettings = {
				ASSETCATALOG_COMPILER_APPICON_NAME = AppIcon;
				ASSETCATALOG_COMPILER_GLOBAL_ACCENT_COLOR_NAME = AccentColor;
				CODE_SIGN_STYLE = Automatic;
				CURRENT_PROJECT_VERSION = 1;
				DEVELOPMENT_ASSET_PATHS = "\"OpenAI-Translator/Preview Content\"";
				DEVELOPMENT_TEAM = YD936JB5S9;
				ENABLE_PREVIEWS = YES;
				GENERATE_INFOPLIST_FILE = YES;
				INFOPLIST_KEY_UIApplicationSceneManifest_Generation = YES;
				INFOPLIST_KEY_UIApplicationSupportsIndirectInputEvents = YES;
				INFOPLIST_KEY_UILaunchScreen_Generation = YES;
				INFOPLIST_KEY_UISupportedInterfaceOrientations_iPad = "UIInterfaceOrientationPortrait UIInterfaceOrientationPortraitUpsideDown UIInterfaceOrientationLandscapeLeft UIInterfaceOrientationLandscapeRight";
				INFOPLIST_KEY_UISupportedInterfaceOrientations_iPhone = "UIInterfaceOrientationPortrait UIInterfaceOrientationLandscapeLeft UIInterfaceOrientationLandscapeRight";
				LD_RUNPATH_SEARCH_PATHS = (
					"$(inherited)",
					"@executable_path/Frameworks",
				);
				MARKETING_VERSION = 1.0;
				PRODUCT_BUNDLE_IDENTIFIER = "dev.alkin.OpenAI-Translator";
				PRODUCT_NAME = "$(TARGET_NAME)";
				SWIFT_EMIT_LOC_STRINGS = YES;
				SWIFT_VERSION = 5.0;
				TARGETED_DEVICE_FAMILY = "1,2";
			};
			name = Release;
		};
		446B2E6D29D99D3500088EB1 /* Debug */ = {
			isa = XCBuildConfiguration;
			buildSettings = {
				ALWAYS_EMBED_SWIFT_STANDARD_LIBRARIES = YES;
				BUNDLE_LOADER = "$(TEST_HOST)";
				CODE_SIGN_STYLE = Automatic;
				CURRENT_PROJECT_VERSION = 1;
				DEVELOPMENT_TEAM = YD936JB5S9;
				GENERATE_INFOPLIST_FILE = YES;
				IPHONEOS_DEPLOYMENT_TARGET = 16.4;
				MARKETING_VERSION = 1.0;
				PRODUCT_BUNDLE_IDENTIFIER = "dev.alkin.OpenAI-TranslatorTests";
				PRODUCT_NAME = "$(TARGET_NAME)";
				SWIFT_EMIT_LOC_STRINGS = NO;
				SWIFT_VERSION = 5.0;
				TARGETED_DEVICE_FAMILY = "1,2";
				TEST_HOST = "$(BUILT_PRODUCTS_DIR)/OpenAI-Translator.app/$(BUNDLE_EXECUTABLE_FOLDER_PATH)/OpenAI-Translator";
			};
			name = Debug;
		};
		446B2E6E29D99D3500088EB1 /* Release */ = {
			isa = XCBuildConfiguration;
			buildSettings = {
				ALWAYS_EMBED_SWIFT_STANDARD_LIBRARIES = YES;
				BUNDLE_LOADER = "$(TEST_HOST)";
				CODE_SIGN_STYLE = Automatic;
				CURRENT_PROJECT_VERSION = 1;
				DEVELOPMENT_TEAM = YD936JB5S9;
				GENERATE_INFOPLIST_FILE = YES;
				IPHONEOS_DEPLOYMENT_TARGET = 16.4;
				MARKETING_VERSION = 1.0;
				PRODUCT_BUNDLE_IDENTIFIER = "dev.alkin.OpenAI-TranslatorTests";
				PRODUCT_NAME = "$(TARGET_NAME)";
				SWIFT_EMIT_LOC_STRINGS = NO;
				SWIFT_VERSION = 5.0;
				TARGETED_DEVICE_FAMILY = "1,2";
				TEST_HOST = "$(BUILT_PRODUCTS_DIR)/OpenAI-Translator.app/$(BUNDLE_EXECUTABLE_FOLDER_PATH)/OpenAI-Translator";
			};
			name = Release;
		};
		446B2E7029D99D3500088EB1 /* Debug */ = {
			isa = XCBuildConfiguration;
			buildSettings = {
				ALWAYS_EMBED_SWIFT_STANDARD_LIBRARIES = YES;
				CODE_SIGN_STYLE = Automatic;
				CURRENT_PROJECT_VERSION = 1;
				DEVELOPMENT_TEAM = YD936JB5S9;
				GENERATE_INFOPLIST_FILE = YES;
				MARKETING_VERSION = 1.0;
				PRODUCT_BUNDLE_IDENTIFIER = "dev.alkin.OpenAI-TranslatorUITests";
				PRODUCT_NAME = "$(TARGET_NAME)";
				SWIFT_EMIT_LOC_STRINGS = NO;
				SWIFT_VERSION = 5.0;
				TARGETED_DEVICE_FAMILY = "1,2";
				TEST_TARGET_NAME = "OpenAI-Translator";
			};
			name = Debug;
		};
		446B2E7129D99D3500088EB1 /* Release */ = {
			isa = XCBuildConfiguration;
			buildSettings = {
				ALWAYS_EMBED_SWIFT_STANDARD_LIBRARIES = YES;
				CODE_SIGN_STYLE = Automatic;
				CURRENT_PROJECT_VERSION = 1;
				DEVELOPMENT_TEAM = YD936JB5S9;
				GENERATE_INFOPLIST_FILE = YES;
				MARKETING_VERSION = 1.0;
				PRODUCT_BUNDLE_IDENTIFIER = "dev.alkin.OpenAI-TranslatorUITests";
				PRODUCT_NAME = "$(TARGET_NAME)";
				SWIFT_EMIT_LOC_STRINGS = NO;
				SWIFT_VERSION = 5.0;
				TARGETED_DEVICE_FAMILY = "1,2";
				TEST_TARGET_NAME = "OpenAI-Translator";
			};
			name = Release;
		};
/* End XCBuildConfiguration section */

/* Begin XCConfigurationList section */
		446B2E4029D99D3400088EB1 /* Build configuration list for PBXProject "OpenAI-Translator" */ = {
			isa = XCConfigurationList;
			buildConfigurations = (
				446B2E6729D99D3500088EB1 /* Debug */,
				446B2E6829D99D3500088EB1 /* Release */,
			);
			defaultConfigurationIsVisible = 0;
			defaultConfigurationName = Release;
		};
		446B2E6929D99D3500088EB1 /* Build configuration list for PBXNativeTarget "OpenAI-Translator" */ = {
			isa = XCConfigurationList;
			buildConfigurations = (
				446B2E6A29D99D3500088EB1 /* Debug */,
				446B2E6B29D99D3500088EB1 /* Release */,
			);
			defaultConfigurationIsVisible = 0;
			defaultConfigurationName = Release;
		};
		446B2E6C29D99D3500088EB1 /* Build configuration list for PBXNativeTarget "OpenAI-TranslatorTests" */ = {
			isa = XCConfigurationList;
			buildConfigurations = (
				446B2E6D29D99D3500088EB1 /* Debug */,
				446B2E6E29D99D3500088EB1 /* Release */,
			);
			defaultConfigurationIsVisible = 0;
			defaultConfigurationName = Release;
		};
		446B2E6F29D99D3500088EB1 /* Build configuration list for PBXNativeTarget "OpenAI-TranslatorUITests" */ = {
			isa = XCConfigurationList;
			buildConfigurations = (
				446B2E7029D99D3500088EB1 /* Debug */,
				446B2E7129D99D3500088EB1 /* Release */,
			);
			defaultConfigurationIsVisible = 0;
			defaultConfigurationName = Release;
		};
/* End XCConfigurationList section */
	};
	rootObject = 446B2E3D29D99D3400088EB1 /* Project object */;
}
