// !$*UTF8*$!
{
	archiveVersion = 1;
	classes = {
	};
	objectVersion = 56;
	objects = {

/* Begin PBXBuildFile section */
		446B2E4929D99D3500088EB1 /* OpenAI_TranslatorApp.swift in Sources */ = {isa = PBXBuildFile; fileRef = 446B2E4829D99D3500088EB1 /* OpenAI_TranslatorApp.swift */; };
		446B2E4D29D99D3500088EB1 /* Assets.xcassets in Resources */ = {isa = PBXBuildFile; fileRef = 446B2E4C29D99D3500088EB1 /* Assets.xcassets */; };
		44F5D02829D9CBD0003C25FC /* OpenAIKit in Frameworks */ = {isa = PBXBuildFile; productRef = 44F5D02729D9CBD0003C25FC /* OpenAIKit */; };
		44F5D02B29D9D314003C25FC /* AlertToast in Frameworks */ = {isa = PBXBuildFile; productRef = 44F5D02A29D9D314003C25FC /* AlertToast */; };
		44F5D02E29D9E177003C25FC /* Color+Extension.swift in Sources */ = {isa = PBXBuildFile; fileRef = 44F5D02D29D9E177003C25FC /* Color+Extension.swift */; };
		44F5D03029D9E194003C25FC /* SpeechRecognizer.swift in Sources */ = {isa = PBXBuildFile; fileRef = 44F5D02F29D9E194003C25FC /* SpeechRecognizer.swift */; };
		44F5D03629D9E236003C25FC /* MainView.swift in Sources */ = {isa = PBXBuildFile; fileRef = 44F5D03529D9E236003C25FC /* MainView.swift */; };
		44F5D03A29D9E276003C25FC /* SettingsView.swift in Sources */ = {isa = PBXBuildFile; fileRef = 44F5D03929D9E276003C25FC /* SettingsView.swift */; };
		44F5D03D29D9E292003C25FC /* LanguageSelectionView.swift in Sources */ = {isa = PBXBuildFile; fileRef = 44F5D03C29D9E292003C25FC /* LanguageSelectionView.swift */; };
		44F5D04029D9E2BF003C25FC /* LanguageItemView.swift in Sources */ = {isa = PBXBuildFile; fileRef = 44F5D03F29D9E2BF003C25FC /* LanguageItemView.swift */; };
		44F5D04329D9E2E3003C25FC /* Language.swift in Sources */ = {isa = PBXBuildFile; fileRef = 44F5D04229D9E2E3003C25FC /* Language.swift */; };
		44F5D04529D9E324003C25FC /* HomeView.swift in Sources */ = {isa = PBXBuildFile; fileRef = 44F5D04429D9E324003C25FC /* HomeView.swift */; };
		44F5D04729D9E375003C25FC /* OpenAI.swift in Sources */ = {isa = PBXBuildFile; fileRef = 44F5D04629D9E375003C25FC /* OpenAI.swift */; };
		44F5D04A29D9E85D003C25FC /* TranslationViewModel.swift in Sources */ = {isa = PBXBuildFile; fileRef = 44F5D04929D9E85D003C25FC /* TranslationViewModel.swift */; };
		44F5D04D29D9EBB7003C25FC /* CachedAsyncImage in Frameworks */ = {isa = PBXBuildFile; productRef = 44F5D04C29D9EBB7003C25FC /* CachedAsyncImage */; };
		44F5D05029D9F13B003C25FC /* TranslatorCardView.swift in Sources */ = {isa = PBXBuildFile; fileRef = 44F5D04F29D9F13B003C25FC /* TranslatorCardView.swift */; };
		44F5D05229DA3C6B003C25FC /* SettingsViewModel.swift in Sources */ = {isa = PBXBuildFile; fileRef = 44F5D05129DA3C6B003C25FC /* SettingsViewModel.swift */; };
/* End PBXBuildFile section */

/* Begin PBXFileReference section */
		446B2E4529D99D3500088EB1 /* OpenAI-Translator.app */ = {isa = PBXFileReference; explicitFileType = wrapper.application; includeInIndex = 0; path = "OpenAI-Translator.app"; sourceTree = BUILT_PRODUCTS_DIR; };
		446B2E4829D99D3500088EB1 /* OpenAI_TranslatorApp.swift */ = {isa = PBXFileReference; lastKnownFileType = sourcecode.swift; path = OpenAI_TranslatorApp.swift; sourceTree = "<group>"; };
		446B2E4C29D99D3500088EB1 /* Assets.xcassets */ = {isa = PBXFileReference; lastKnownFileType = folder.assetcatalog; path = Assets.xcassets; sourceTree = "<group>"; };
		44F5D02D29D9E177003C25FC /* Color+Extension.swift */ = {isa = PBXFileReference; lastKnownFileType = sourcecode.swift; path = "Color+Extension.swift"; sourceTree = "<group>"; };
		44F5D02F29D9E194003C25FC /* SpeechRecognizer.swift */ = {isa = PBXFileReference; lastKnownFileType = sourcecode.swift; path = SpeechRecognizer.swift; sourceTree = "<group>"; };
		44F5D03529D9E236003C25FC /* MainView.swift */ = {isa = PBXFileReference; lastKnownFileType = sourcecode.swift; path = MainView.swift; sourceTree = "<group>"; };
		44F5D03929D9E276003C25FC /* SettingsView.swift */ = {isa = PBXFileReference; lastKnownFileType = sourcecode.swift; path = SettingsView.swift; sourceTree = "<group>"; };
		44F5D03C29D9E292003C25FC /* LanguageSelectionView.swift */ = {isa = PBXFileReference; lastKnownFileType = sourcecode.swift; path = LanguageSelectionView.swift; sourceTree = "<group>"; };
		44F5D03F29D9E2BF003C25FC /* LanguageItemView.swift */ = {isa = PBXFileReference; lastKnownFileType = sourcecode.swift; path = LanguageItemView.swift; sourceTree = "<group>"; };
		44F5D04229D9E2E3003C25FC /* Language.swift */ = {isa = PBXFileReference; lastKnownFileType = sourcecode.swift; path = Language.swift; sourceTree = "<group>"; };
		44F5D04429D9E324003C25FC /* HomeView.swift */ = {isa = PBXFileReference; lastKnownFileType = sourcecode.swift; path = HomeView.swift; sourceTree = "<group>"; };
		44F5D04629D9E375003C25FC /* OpenAI.swift */ = {isa = PBXFileReference; lastKnownFileType = sourcecode.swift; path = OpenAI.swift; sourceTree = "<group>"; };
		44F5D04929D9E85D003C25FC /* TranslationViewModel.swift */ = {isa = PBXFileReference; lastKnownFileType = sourcecode.swift; path = TranslationViewModel.swift; sourceTree = "<group>"; };
		44F5D04F29D9F13B003C25FC /* TranslatorCardView.swift */ = {isa = PBXFileReference; lastKnownFileType = sourcecode.swift; path = TranslatorCardView.swift; sourceTree = "<group>"; };
		44F5D05129DA3C6B003C25FC /* SettingsViewModel.swift */ = {isa = PBXFileReference; lastKnownFileType = sourcecode.swift; path = SettingsViewModel.swift; sourceTree = "<group>"; };
/* End PBXFileReference section */

/* Begin PBXFrameworksBuildPhase section */
		446B2E4229D99D3500088EB1 /* Frameworks */ = {
			isa = PBXFrameworksBuildPhase;
			buildActionMask = 2147483647;
			files = (
				44F5D04D29D9EBB7003C25FC /* CachedAsyncImage in Frameworks */,
				44F5D02829D9CBD0003C25FC /* OpenAIKit in Frameworks */,
				44F5D02B29D9D314003C25FC /* AlertToast in Frameworks */,
			);
			runOnlyForDeploymentPostprocessing = 0;
		};
/* End PBXFrameworksBuildPhase section */

/* Begin PBXGroup section */
		446B2E3C29D99D3400088EB1 = {
			isa = PBXGroup;
			children = (
				446B2E4729D99D3500088EB1 /* OpenAI-Translator */,
				446B2E4629D99D3500088EB1 /* Products */,
			);
			sourceTree = "<group>";
		};
		446B2E4629D99D3500088EB1 /* Products */ = {
			isa = PBXGroup;
			children = (
				446B2E4529D99D3500088EB1 /* OpenAI-Translator.app */,
			);
			name = Products;
			sourceTree = "<group>";
		};
		446B2E4729D99D3500088EB1 /* OpenAI-Translator */ = {
			isa = PBXGroup;
			children = (
				446B2E4829D99D3500088EB1 /* OpenAI_TranslatorApp.swift */,
				44F5D02C29D9E16E003C25FC /* Extensions */,
				44F5D03229D9E206003C25FC /* Helpers */,
				44F5D03429D9E221003C25FC /* Data */,
				44F5D03329D9E217003C25FC /* Presentation */,
				446B2E4C29D99D3500088EB1 /* Assets.xcassets */,
			);
			path = "OpenAI-Translator";
			sourceTree = "<group>";
		};
		44F5D02C29D9E16E003C25FC /* Extensions */ = {
			isa = PBXGroup;
			children = (
				44F5D02D29D9E177003C25FC /* Color+Extension.swift */,
			);
			path = Extensions;
			sourceTree = "<group>";
		};
		44F5D03229D9E206003C25FC /* Helpers */ = {
			isa = PBXGroup;
			children = (
				44F5D02F29D9E194003C25FC /* SpeechRecognizer.swift */,
			);
			path = Helpers;
			sourceTree = "<group>";
		};
		44F5D03329D9E217003C25FC /* Presentation */ = {
			isa = PBXGroup;
			children = (
				44F5D03729D9E265003C25FC /* Home */,
				44F5D03829D9E268003C25FC /* Settings */,
				44F5D04829D9E855003C25FC /* ViewModel */,
				44F5D03529D9E236003C25FC /* MainView.swift */,
			);
			path = Presentation;
			sourceTree = "<group>";
		};
		44F5D03429D9E221003C25FC /* Data */ = {
			isa = PBXGroup;
			children = (
				44F5D04229D9E2E3003C25FC /* Language.swift */,
				44F5D04629D9E375003C25FC /* OpenAI.swift */,
			);
			path = Data;
			sourceTree = "<group>";
		};
		44F5D03729D9E265003C25FC /* Home */ = {
			isa = PBXGroup;
			children = (
				44F5D04E29D9F131003C25FC /* TranslatorCardView */,
				44F5D03E29D9E2B5003C25FC /* LanguageItem */,
				44F5D03B29D9E288003C25FC /* LanguageSelection */,
				44F5D04429D9E324003C25FC /* HomeView.swift */,
			);
			path = Home;
			sourceTree = "<group>";
		};
		44F5D03829D9E268003C25FC /* Settings */ = {
			isa = PBXGroup;
			children = (
				44F5D03929D9E276003C25FC /* SettingsView.swift */,
			);
			path = Settings;
			sourceTree = "<group>";
		};
		44F5D03B29D9E288003C25FC /* LanguageSelection */ = {
			isa = PBXGroup;
			children = (
				44F5D03C29D9E292003C25FC /* LanguageSelectionView.swift */,
			);
			path = LanguageSelection;
			sourceTree = "<group>";
		};
		44F5D03E29D9E2B5003C25FC /* LanguageItem */ = {
			isa = PBXGroup;
			children = (
				44F5D03F29D9E2BF003C25FC /* LanguageItemView.swift */,
			);
			path = LanguageItem;
			sourceTree = "<group>";
		};
		44F5D04829D9E855003C25FC /* ViewModel */ = {
			isa = PBXGroup;
			children = (
				44F5D04929D9E85D003C25FC /* TranslationViewModel.swift */,
				44F5D05129DA3C6B003C25FC /* SettingsViewModel.swift */,
			);
			path = ViewModel;
			sourceTree = "<group>";
		};
		44F5D04E29D9F131003C25FC /* TranslatorCardView */ = {
			isa = PBXGroup;
			children = (
				44F5D04F29D9F13B003C25FC /* TranslatorCardView.swift */,
			);
			path = TranslatorCardView;
			sourceTree = "<group>";
		};
/* End PBXGroup section */

/* Begin PBXNativeTarget section */
		446B2E4429D99D3500088EB1 /* OpenAI-Translator */ = {
			isa = PBXNativeTarget;
			buildConfigurationList = 446B2E6929D99D3500088EB1 /* Build configuration list for PBXNativeTarget "OpenAI-Translator" */;
			buildPhases = (
				446B2E4129D99D3500088EB1 /* Sources */,
				446B2E4229D99D3500088EB1 /* Frameworks */,
				446B2E4329D99D3500088EB1 /* Resources */,
			);
			buildRules = (
			);
			dependencies = (
			);
			name = "OpenAI-Translator";
			packageProductDependencies = (
				44F5D02729D9CBD0003C25FC /* OpenAIKit */,
				44F5D02A29D9D314003C25FC /* AlertToast */,
				44F5D04C29D9EBB7003C25FC /* CachedAsyncImage */,
			);
			productName = "OpenAI-Translator";
			productReference = 446B2E4529D99D3500088EB1 /* OpenAI-Translator.app */;
			productType = "com.apple.product-type.application";
		};
/* End PBXNativeTarget section */

/* Begin PBXProject section */
		446B2E3D29D99D3400088EB1 /* Project object */ = {
			isa = PBXProject;
			attributes = {
				BuildIndependentTargetsInParallel = 1;
				LastSwiftUpdateCheck = 1430;
				LastUpgradeCheck = 1430;
				TargetAttributes = {
					446B2E4429D99D3500088EB1 = {
						CreatedOnToolsVersion = 14.3;
					};
				};
			};
			buildConfigurationList = 446B2E4029D99D3400088EB1 /* Build configuration list for PBXProject "OpenAI-Translator" */;
			compatibilityVersion = "Xcode 14.0";
			developmentRegion = en;
			hasScannedForEncodings = 0;
			knownRegions = (
				en,
				Base,
			);
			mainGroup = 446B2E3C29D99D3400088EB1;
			packageReferences = (
				44F5D02629D9CBD0003C25FC /* XCRemoteSwiftPackageReference "openai-kit" */,
				44F5D02929D9D314003C25FC /* XCRemoteSwiftPackageReference "AlertToast" */,
				44F5D04B29D9EBB7003C25FC /* XCRemoteSwiftPackageReference "swiftui-cached-async-image" */,
			);
			productRefGroup = 446B2E4629D99D3500088EB1 /* Products */;
			projectDirPath = "";
			projectRoot = "";
			targets = (
				446B2E4429D99D3500088EB1 /* OpenAI-Translator */,
			);
		};
/* End PBXProject section */

/* Begin PBXResourcesBuildPhase section */
		446B2E4329D99D3500088EB1 /* Resources */ = {
			isa = PBXResourcesBuildPhase;
			buildActionMask = 2147483647;
			files = (
				446B2E4D29D99D3500088EB1 /* Assets.xcassets in Resources */,
			);
			runOnlyForDeploymentPostprocessing = 0;
		};
/* End PBXResourcesBuildPhase section */

/* Begin PBXSourcesBuildPhase section */
		446B2E4129D99D3500088EB1 /* Sources */ = {
			isa = PBXSourcesBuildPhase;
			buildActionMask = 2147483647;
			files = (
				44F5D03029D9E194003C25FC /* SpeechRecognizer.swift in Sources */,
				44F5D02E29D9E177003C25FC /* Color+Extension.swift in Sources */,
				44F5D04A29D9E85D003C25FC /* TranslationViewModel.swift in Sources */,
				44F5D04529D9E324003C25FC /* HomeView.swift in Sources */,
				44F5D04329D9E2E3003C25FC /* Language.swift in Sources */,
				44F5D03A29D9E276003C25FC /* SettingsView.swift in Sources */,
				44F5D05029D9F13B003C25FC /* TranslatorCardView.swift in Sources */,
				44F5D04729D9E375003C25FC /* OpenAI.swift in Sources */,
				44F5D05229DA3C6B003C25FC /* SettingsViewModel.swift in Sources */,
				44F5D03629D9E236003C25FC /* MainView.swift in Sources */,
				446B2E4929D99D3500088EB1 /* OpenAI_TranslatorApp.swift in Sources */,
				44F5D03D29D9E292003C25FC /* LanguageSelectionView.swift in Sources */,
				44F5D04029D9E2BF003C25FC /* LanguageItemView.swift in Sources */,
			);
			runOnlyForDeploymentPostprocessing = 0;
		};
/* End PBXSourcesBuildPhase section */

/* Begin XCBuildConfiguration section */
		446B2E6729D99D3500088EB1 /* Debug */ = {
			isa = XCBuildConfiguration;
			buildSettings = {
				ALWAYS_SEARCH_USER_PATHS = NO;
				CLANG_ANALYZER_NONNULL = YES;
				CLANG_ANALYZER_NUMBER_OBJECT_CONVERSION = YES_AGGRESSIVE;
				CLANG_CXX_LANGUAGE_STANDARD = "gnu++20";
				CLANG_ENABLE_MODULES = YES;
				CLANG_ENABLE_OBJC_ARC = YES;
				CLANG_ENABLE_OBJC_WEAK = YES;
				CLANG_WARN_BLOCK_CAPTURE_AUTORELEASING = YES;
				CLANG_WARN_BOOL_CONVERSION = YES;
				CLANG_WARN_COMMA = YES;
				CLANG_WARN_CONSTANT_CONVERSION = YES;
				CLANG_WARN_DEPRECATED_OBJC_IMPLEMENTATIONS = YES;
				CLANG_WARN_DIRECT_OBJC_ISA_USAGE = YES_ERROR;
				CLANG_WARN_DOCUMENTATION_COMMENTS = YES;
				CLANG_WARN_EMPTY_BODY = YES;
				CLANG_WARN_ENUM_CONVERSION = YES;
				CLANG_WARN_INFINITE_RECURSION = YES;
				CLANG_WARN_INT_CONVERSION = YES;
				CLANG_WARN_NON_LITERAL_NULL_CONVERSION = YES;
				CLANG_WARN_OBJC_IMPLICIT_RETAIN_SELF = YES;
				CLANG_WARN_OBJC_LITERAL_CONVERSION = YES;
				CLANG_WARN_OBJC_ROOT_CLASS = YES_ERROR;
				CLANG_WARN_QUOTED_INCLUDE_IN_FRAMEWORK_HEADER = YES;
				CLANG_WARN_RANGE_LOOP_ANALYSIS = YES;
				CLANG_WARN_STRICT_PROTOTYPES = YES;
				CLANG_WARN_SUSPICIOUS_MOVE = YES;
				CLANG_WARN_UNGUARDED_AVAILABILITY = YES_AGGRESSIVE;
				CLANG_WARN_UNREACHABLE_CODE = YES;
				CLANG_WARN__DUPLICATE_METHOD_MATCH = YES;
				COPY_PHASE_STRIP = NO;
				DEBUG_INFORMATION_FORMAT = dwarf;
				ENABLE_STRICT_OBJC_MSGSEND = YES;
				ENABLE_TESTABILITY = YES;
				GCC_C_LANGUAGE_STANDARD = gnu11;
				GCC_DYNAMIC_NO_PIC = NO;
				GCC_NO_COMMON_BLOCKS = YES;
				GCC_OPTIMIZATION_LEVEL = 0;
				GCC_PREPROCESSOR_DEFINITIONS = (
					"DEBUG=1",
					"$(inherited)",
				);
				GCC_WARN_64_TO_32_BIT_CONVERSION = YES;
				GCC_WARN_ABOUT_RETURN_TYPE = YES_ERROR;
				GCC_WARN_UNDECLARED_SELECTOR = YES;
				GCC_WARN_UNINITIALIZED_AUTOS = YES_AGGRESSIVE;
				GCC_WARN_UNUSED_FUNCTION = YES;
				GCC_WARN_UNUSED_VARIABLE = YES;
				IPHONEOS_DEPLOYMENT_TARGET = 16.4;
				MTL_ENABLE_DEBUG_INFO = INCLUDE_SOURCE;
				MTL_FAST_MATH = YES;
				ONLY_ACTIVE_ARCH = YES;
				SDKROOT = iphoneos;
				SWIFT_ACTIVE_COMPILATION_CONDITIONS = DEBUG;
				SWIFT_OPTIMIZATION_LEVEL = "-Onone";
			};
			name = Debug;
		};
		446B2E6829D99D3500088EB1 /* Release */ = {
			isa = XCBuildConfiguration;
			buildSettings = {
				ALWAYS_SEARCH_USER_PATHS = NO;
				CLANG_ANALYZER_NONNULL = YES;
				CLANG_ANALYZER_NUMBER_OBJECT_CONVERSION = YES_AGGRESSIVE;
				CLANG_CXX_LANGUAGE_STANDARD = "gnu++20";
				CLANG_ENABLE_MODULES = YES;
				CLANG_ENABLE_OBJC_ARC = YES;
				CLANG_ENABLE_OBJC_WEAK = YES;
				CLANG_WARN_BLOCK_CAPTURE_AUTORELEASING = YES;
				CLANG_WARN_BOOL_CONVERSION = YES;
				CLANG_WARN_COMMA = YES;
				CLANG_WARN_CONSTANT_CONVERSION = YES;
				CLANG_WARN_DEPRECATED_OBJC_IMPLEMENTATIONS = YES;
				CLANG_WARN_DIRECT_OBJC_ISA_USAGE = YES_ERROR;
				CLANG_WARN_DOCUMENTATION_COMMENTS = YES;
				CLANG_WARN_EMPTY_BODY = YES;
				CLANG_WARN_ENUM_CONVERSION = YES;
				CLANG_WARN_INFINITE_RECURSION = YES;
				CLANG_WARN_INT_CONVERSION = YES;
				CLANG_WARN_NON_LITERAL_NULL_CONVERSION = YES;
				CLANG_WARN_OBJC_IMPLICIT_RETAIN_SELF = YES;
				CLANG_WARN_OBJC_LITERAL_CONVERSION = YES;
				CLANG_WARN_OBJC_ROOT_CLASS = YES_ERROR;
				CLANG_WARN_QUOTED_INCLUDE_IN_FRAMEWORK_HEADER = YES;
				CLANG_WARN_RANGE_LOOP_ANALYSIS = YES;
				CLANG_WARN_STRICT_PROTOTYPES = YES;
				CLANG_WARN_SUSPICIOUS_MOVE = YES;
				CLANG_WARN_UNGUARDED_AVAILABILITY = YES_AGGRESSIVE;
				CLANG_WARN_UNREACHABLE_CODE = YES;
				CLANG_WARN__DUPLICATE_METHOD_MATCH = YES;
				COPY_PHASE_STRIP = NO;
				DEBUG_INFORMATION_FORMAT = "dwarf-with-dsym";
				ENABLE_NS_ASSERTIONS = NO;
				ENABLE_STRICT_OBJC_MSGSEND = YES;
				GCC_C_LANGUAGE_STANDARD = gnu11;
				GCC_NO_COMMON_BLOCKS = YES;
				GCC_WARN_64_TO_32_BIT_CONVERSION = YES;
				GCC_WARN_ABOUT_RETURN_TYPE = YES_ERROR;
				GCC_WARN_UNDECLARED_SELECTOR = YES;
				GCC_WARN_UNINITIALIZED_AUTOS = YES_AGGRESSIVE;
				GCC_WARN_UNUSED_FUNCTION = YES;
				GCC_WARN_UNUSED_VARIABLE = YES;
				IPHONEOS_DEPLOYMENT_TARGET = 16.4;
				MTL_ENABLE_DEBUG_INFO = NO;
				MTL_FAST_MATH = YES;
				SDKROOT = iphoneos;
				SWIFT_COMPILATION_MODE = wholemodule;
				SWIFT_OPTIMIZATION_LEVEL = "-O";
				VALIDATE_PRODUCT = YES;
			};
			name = Release;
		};
		446B2E6A29D99D3500088EB1 /* Debug */ = {
			isa = XCBuildConfiguration;
			buildSettings = {
				ASSETCATALOG_COMPILER_APPICON_NAME = AppIcon;
				ASSETCATALOG_COMPILER_GLOBAL_ACCENT_COLOR_NAME = AccentColor;
				CODE_SIGN_STYLE = Automatic;
				CURRENT_PROJECT_VERSION = 1;
				DEVELOPMENT_TEAM = 3UVKHQUHJ4;
				ENABLE_PREVIEWS = YES;
				GENERATE_INFOPLIST_FILE = YES;
				INFOPLIST_KEY_NSMicrophoneUsageDescription = microphone;
				INFOPLIST_KEY_NSSpeechRecognitionUsageDescription = Please;
				INFOPLIST_KEY_UIApplicationSceneManifest_Generation = YES;
				INFOPLIST_KEY_UIApplicationSupportsIndirectInputEvents = YES;
				INFOPLIST_KEY_UILaunchScreen_Generation = YES;
				INFOPLIST_KEY_UISupportedInterfaceOrientations = UIInterfaceOrientationPortrait;
				LD_RUNPATH_SEARCH_PATHS = (
					"$(inherited)",
					"@executable_path/Frameworks",
				);
				MARKETING_VERSION = 1.0;
				PRODUCT_BUNDLE_IDENTIFIER = "dev.alkin.OpenAI-Translator";
				PRODUCT_NAME = "$(TARGET_NAME)";
				SWIFT_EMIT_LOC_STRINGS = YES;
				SWIFT_VERSION = 5.0;
				TARGETED_DEVICE_FAMILY = "1,2";
			};
			name = Debug;
		};
		446B2E6B29D99D3500088EB1 /* Release */ = {
			isa = XCBuildConfiguration;
			buildSettings = {
				ASSETCATALOG_COMPILER_APPICON_NAME = AppIcon;
				ASSETCATALOG_COMPILER_GLOBAL_ACCENT_COLOR_NAME = AccentColor;
				CODE_SIGN_STYLE = Automatic;
				CURRENT_PROJECT_VERSION = 1;
				DEVELOPMENT_TEAM = 3UVKHQUHJ4;
				ENABLE_PREVIEWS = YES;
				GENERATE_INFOPLIST_FILE = YES;
				INFOPLIST_KEY_NSMicrophoneUsageDescription = microphone;
				INFOPLIST_KEY_NSSpeechRecognitionUsageDescription = Please;
				INFOPLIST_KEY_UIApplicationSceneManifest_Generation = YES;
				INFOPLIST_KEY_UIApplicationSupportsIndirectInputEvents = YES;
				INFOPLIST_KEY_UILaunchScreen_Generation = YES;
				INFOPLIST_KEY_UISupportedInterfaceOrientations = UIInterfaceOrientationPortrait;
				LD_RUNPATH_SEARCH_PATHS = (
					"$(inherited)",
					"@executable_path/Frameworks",
				);
				MARKETING_VERSION = 1.0;
				PRODUCT_BUNDLE_IDENTIFIER = "dev.alkin.OpenAI-Translator";
				PRODUCT_NAME = "$(TARGET_NAME)";
				SWIFT_EMIT_LOC_STRINGS = YES;
				SWIFT_VERSION = 5.0;
				TARGETED_DEVICE_FAMILY = "1,2";
			};
			name = Release;
		};
/* End XCBuildConfiguration section */

/* Begin XCConfigurationList section */
		446B2E4029D99D3400088EB1 /* Build configuration list for PBXProject "OpenAI-Translator" */ = {
			isa = XCConfigurationList;
			buildConfigurations = (
				446B2E6729D99D3500088EB1 /* Debug */,
				446B2E6829D99D3500088EB1 /* Release */,
			);
			defaultConfigurationIsVisible = 0;
			defaultConfigurationName = Release;
		};
		446B2E6929D99D3500088EB1 /* Build configuration list for PBXNativeTarget "OpenAI-Translator" */ = {
			isa = XCConfigurationList;
			buildConfigurations = (
				446B2E6A29D99D3500088EB1 /* Debug */,
				446B2E6B29D99D3500088EB1 /* Release */,
			);
			defaultConfigurationIsVisible = 0;
			defaultConfigurationName = Release;
		};
/* End XCConfigurationList section */

/* Begin XCRemoteSwiftPackageReference section */
		44F5D02629D9CBD0003C25FC /* XCRemoteSwiftPackageReference "openai-kit" */ = {
			isa = XCRemoteSwiftPackageReference;
			repositoryURL = "https://github.com/dylanshine/openai-kit.git";
			requirement = {
				branch = main;
				kind = branch;
			};
		};
		44F5D02929D9D314003C25FC /* XCRemoteSwiftPackageReference "AlertToast" */ = {
			isa = XCRemoteSwiftPackageReference;
			repositoryURL = "https://github.com/elai950/AlertToast.git";
			requirement = {
				kind = upToNextMajorVersion;
				minimumVersion = 1.0.0;
			};
		};
		44F5D04B29D9EBB7003C25FC /* XCRemoteSwiftPackageReference "swiftui-cached-async-image" */ = {
			isa = XCRemoteSwiftPackageReference;
			repositoryURL = "https://github.com/lorenzofiamingo/swiftui-cached-async-image.git";
			requirement = {
				kind = upToNextMajorVersion;
				minimumVersion = 2.0.0;
			};
		};
/* End XCRemoteSwiftPackageReference section */

/* Begin XCSwiftPackageProductDependency section */
		44F5D02729D9CBD0003C25FC /* OpenAIKit */ = {
			isa = XCSwiftPackageProductDependency;
			package = 44F5D02629D9CBD0003C25FC /* XCRemoteSwiftPackageReference "openai-kit" */;
			productName = OpenAIKit;
		};
		44F5D02A29D9D314003C25FC /* AlertToast */ = {
			isa = XCSwiftPackageProductDependency;
			package = 44F5D02929D9D314003C25FC /* XCRemoteSwiftPackageReference "AlertToast" */;
			productName = AlertToast;
		};
		44F5D04C29D9EBB7003C25FC /* CachedAsyncImage */ = {
			isa = XCSwiftPackageProductDependency;
			package = 44F5D04B29D9EBB7003C25FC /* XCRemoteSwiftPackageReference "swiftui-cached-async-image" */;
			productName = CachedAsyncImage;
		};
/* End XCSwiftPackageProductDependency section */
	};
	rootObject = 446B2E3D29D99D3400088EB1 /* Project object */;
}
